
Microsoft Visual Studio Solution File, Format Version 12.00
# Visual Studio Version 16
VisualStudioVersion = 16.0.29920.165
MinimumVisualStudioVersion = 10.0.40219.1
Project("{FAE04EC0-301F-11D3-BF4B-00C04F79EFBC}") = "NET_projekt", "NET_projekt\NET_projekt.csproj", "{0A7E0958-2379-4637-9839-583A5C75153B}"
EndProject
Global
	GlobalSection(SolutionConfigurationPlatforms) = preSolution
		Debug|Any CPU = Debug|Any CPU
		Release|Any CPU = Release|Any CPU
	EndGlobalSection
	GlobalSection(ProjectConfigurationPlatforms) = postSolution
		{0A7E0958-2379-4637-9839-583A5C75153B}.Debug|Any CPU.ActiveCfg = Debug|Any CPU
		{0A7E0958-2379-4637-9839-583A5C75153B}.Debug|Any CPU.Build.0 = Debug|Any CPU
		{0A7E0958-2379-4637-9839-583A5C75153B}.Release|Any CPU.ActiveCfg = Release|Any CPU
		{0A7E0958-2379-4637-9839-583A5C75153B}.Release|Any CPU.Build.0 = Release|Any CPU
	EndGlobalSection
	GlobalSection(SolutionProperties) = preSolution
		HideSolutionNode = FALSE
	EndGlobalSection
	GlobalSection(ExtensibilityGlobals) = postSolution
		SolutionGuid = {6033B105-419C-47DA-940A-37B05FBA3629}
	EndGlobalSection
EndGlobal
